
Microsoft Visual Studio Solution File, Format Version 12.00
# Visual Studio Version 16
VisualStudioVersion = 16.0.29519.181
MinimumVisualStudioVersion = 10.0.40219.1
Project("{9A19103F-16F7-4668-BE54-9A1E7A4F7556}") = "GitIssue", "GitIssue\GitIssue.csproj", "{B60489FE-1072-4B61-A719-299FF8F54052}"
EndProject
Project("{9A19103F-16F7-4668-BE54-9A1E7A4F7556}") = "GitIssue.Tests", "GitIssue.Tests\GitIssue.Tests.csproj", "{EA15286A-8828-4458-A356-C65AC7BB0B54}"
EndProject
Project("{2150E333-8FDC-42A3-9474-1A3956D46DE8}") = "Solution Items", "Solution Items", "{DC90B53D-BE75-400F-AEF6-C148F3A52BE4}"
	ProjectSection(SolutionItems) = preProject
		..\LICENSE.md = ..\LICENSE.md
		..\README.md = ..\README.md
	EndProjectSection
EndProject
Project("{9A19103F-16F7-4668-BE54-9A1E7A4F7556}") = "GitIssue.Tool", "GitIssue.Tool\GitIssue.Tool.csproj", "{E74A28A8-F402-4D16-B116-26ACB6283672}"
EndProject
Global
	GlobalSection(SolutionConfigurationPlatforms) = preSolution
		Debug|Any CPU = Debug|Any CPU
		Release|Any CPU = Release|Any CPU
	EndGlobalSection
	GlobalSection(ProjectConfigurationPlatforms) = postSolution
		{B60489FE-1072-4B61-A719-299FF8F54052}.Debug|Any CPU.ActiveCfg = Debug|Any CPU
		{B60489FE-1072-4B61-A719-299FF8F54052}.Debug|Any CPU.Build.0 = Debug|Any CPU
		{B60489FE-1072-4B61-A719-299FF8F54052}.Release|Any CPU.ActiveCfg = Release|Any CPU
		{B60489FE-1072-4B61-A719-299FF8F54052}.Release|Any CPU.Build.0 = Release|Any CPU
		{EA15286A-8828-4458-A356-C65AC7BB0B54}.Debug|Any CPU.ActiveCfg = Debug|Any CPU
		{EA15286A-8828-4458-A356-C65AC7BB0B54}.Debug|Any CPU.Build.0 = Debug|Any CPU
		{EA15286A-8828-4458-A356-C65AC7BB0B54}.Release|Any CPU.ActiveCfg = Release|Any CPU
		{EA15286A-8828-4458-A356-C65AC7BB0B54}.Release|Any CPU.Build.0 = Release|Any CPU
		{E74A28A8-F402-4D16-B116-26ACB6283672}.Debug|Any CPU.ActiveCfg = Debug|Any CPU
		{E74A28A8-F402-4D16-B116-26ACB6283672}.Debug|Any CPU.Build.0 = Debug|Any CPU
		{E74A28A8-F402-4D16-B116-26ACB6283672}.Release|Any CPU.ActiveCfg = Release|Any CPU
		{E74A28A8-F402-4D16-B116-26ACB6283672}.Release|Any CPU.Build.0 = Release|Any CPU
	EndGlobalSection
	GlobalSection(SolutionProperties) = preSolution
		HideSolutionNode = FALSE
	EndGlobalSection
	GlobalSection(ExtensibilityGlobals) = postSolution
		SolutionGuid = {7300B178-D14D-4AD1-8E23-EC725DD803B4}
	EndGlobalSection
EndGlobal
